
Microsoft Visual Studio Solution File, Format Version 12.00
# Visual Studio Version 17
VisualStudioVersion = 17.2.32519.379
MinimumVisualStudioVersion = 10.0.40219.1
Project("{FAE04EC0-301F-11D3-BF4B-00C04F79EFBC}") = "DotNet48WebFormsApp", "DotNet48WebFormsApp\DotNet48WebFormsApp.csproj", "{0E509F89-36D7-4391-8CEE-49DDAC6DEC6C}"
EndProject
Project("{FAE04EC0-301F-11D3-BF4B-00C04F79EFBC}") = "DotNet48WebFormsApp.Tests", "DotNet48WebFormsApp.Tests\DotNet48WebFormsApp.Tests.csproj", "{1D6EBBC6-3160-45DE-90B9-0F30F544448C}"
EndProject
Global
	GlobalSection(SolutionConfigurationPlatforms) = preSolution
		Debug|Any CPU = Debug|Any CPU
		Release|Any CPU = Release|Any CPU
	EndGlobalSection
	GlobalSection(ProjectConfigurationPlatforms) = postSolution
		{0E509F89-36D7-4391-8CEE-49DDAC6DEC6C}.Debug|Any CPU.ActiveCfg = Debug|Any CPU
		{0E509F89-36D7-4391-8CEE-49DDAC6DEC6C}.Debug|Any CPU.Build.0 = Debug|Any CPU
		{0E509F89-36D7-4391-8CEE-49DDAC6DEC6C}.Release|Any CPU.ActiveCfg = Release|Any CPU
		{0E509F89-36D7-4391-8CEE-49DDAC6DEC6C}.Release|Any CPU.Build.0 = Release|Any CPU
		{1D6EBBC6-3160-45DE-90B9-0F30F544448C}.Debug|Any CPU.ActiveCfg = Debug|Any CPU
		{1D6EBBC6-3160-45DE-90B9-0F30F544448C}.Debug|Any CPU.Build.0 = Debug|Any CPU
		{1D6EBBC6-3160-45DE-90B9-0F30F544448C}.Release|Any CPU.ActiveCfg = Release|Any CPU
		{1D6EBBC6-3160-45DE-90B9-0F30F544448C}.Release|Any CPU.Build.0 = Release|Any CPU
	EndGlobalSection
	GlobalSection(SolutionProperties) = preSolution
		HideSolutionNode = FALSE
	EndGlobalSection
	GlobalSection(ExtensibilityGlobals) = postSolution
		SolutionGuid = {3DB53BEB-F00B-489A-98AF-720C262023E7}
	EndGlobalSection
EndGlobal
